
Microsoft Visual Studio Solution File, Format Version 12.00
# Visual Studio 2013
VisualStudioVersion = 12.0.21005.1
MinimumVisualStudioVersion = 10.0.40219.1
Project("{8D9C8A9D-5DED-4B64-BF65-B598BA549D93}") = "LightMoneyApp", "LightMoneyApp\LightMoneyApp.lsxproj", "{81823ED3-819E-4679-892A-53211DE65803}"
EndProject
Project("{FAE04EC0-301F-11D3-BF4B-00C04F79EFBC}") = "LightMoneyApp.Server", "LightMoneyApp\LightMoneyApp.Server\LightMoneyApp.Server.csproj", "{B91DBCCD-20F7-4A1A-835F-47F1F547D424}"
EndProject
Project("{FAE04EC0-301F-11D3-BF4B-00C04F79EFBC}") = "LightMoneyApp.DesktopClient", "LightMoneyApp\LightMoneyApp.DesktopClient\LightMoneyApp.DesktopClient.csproj", "{80D22603-74D2-41AF-A76A-04595CB9B8A6}"
EndProject
Global
	GlobalSection(SolutionConfigurationPlatforms) = preSolution
		Debug|Any CPU = Debug|Any CPU
		Release|Any CPU = Release|Any CPU
	EndGlobalSection
	GlobalSection(ProjectConfigurationPlatforms) = postSolution
		{81823ED3-819E-4679-892A-53211DE65803}.Debug|Any CPU.ActiveCfg = Debug|Any CPU
		{81823ED3-819E-4679-892A-53211DE65803}.Debug|Any CPU.Build.0 = Debug|Any CPU
		{81823ED3-819E-4679-892A-53211DE65803}.Release|Any CPU.ActiveCfg = Release|Any CPU
		{81823ED3-819E-4679-892A-53211DE65803}.Release|Any CPU.Build.0 = Release|Any CPU
		{B91DBCCD-20F7-4A1A-835F-47F1F547D424}.Debug|Any CPU.ActiveCfg = Debug|Any CPU
		{B91DBCCD-20F7-4A1A-835F-47F1F547D424}.Debug|Any CPU.Build.0 = Debug|Any CPU
		{B91DBCCD-20F7-4A1A-835F-47F1F547D424}.Release|Any CPU.ActiveCfg = Release|Any CPU
		{B91DBCCD-20F7-4A1A-835F-47F1F547D424}.Release|Any CPU.Build.0 = Release|Any CPU
		{80D22603-74D2-41AF-A76A-04595CB9B8A6}.Debug|Any CPU.ActiveCfg = Debug|Any CPU
		{80D22603-74D2-41AF-A76A-04595CB9B8A6}.Debug|Any CPU.Build.0 = Debug|Any CPU
		{80D22603-74D2-41AF-A76A-04595CB9B8A6}.Release|Any CPU.ActiveCfg = Release|Any CPU
		{80D22603-74D2-41AF-A76A-04595CB9B8A6}.Release|Any CPU.Build.0 = Release|Any CPU
	EndGlobalSection
	GlobalSection(SolutionProperties) = preSolution
		HideSolutionNode = FALSE
	EndGlobalSection
EndGlobal
